// !$*UTF8*$!
{
	archiveVersion = 1;
	classes = {
	};
	objectVersion = 55;
	objects = {

/* Begin PBXBuildFile section */
		06983B822725273D00527FB6 /* AppDelegate.swift in Sources */ = {isa = PBXBuildFile; fileRef = 06983B812725273D00527FB6 /* AppDelegate.swift */; };
		06983B842725273D00527FB6 /* SceneDelegate.swift in Sources */ = {isa = PBXBuildFile; fileRef = 06983B832725273D00527FB6 /* SceneDelegate.swift */; };
		06983B862725273D00527FB6 /* ViewController.swift in Sources */ = {isa = PBXBuildFile; fileRef = 06983B852725273D00527FB6 /* ViewController.swift */; };
		06983B892725273D00527FB6 /* Main.storyboard in Resources */ = {isa = PBXBuildFile; fileRef = 06983B872725273D00527FB6 /* Main.storyboard */; };
		06983B8C2725273D00527FB6 /* Christmas_List_App.xcdatamodeld in Sources */ = {isa = PBXBuildFile; fileRef = 06983B8A2725273D00527FB6 /* Christmas_List_App.xcdatamodeld */; };
		06983B8E2725273E00527FB6 /* Assets.xcassets in Resources */ = {isa = PBXBuildFile; fileRef = 06983B8D2725273E00527FB6 /* Assets.xcassets */; };
		06983B912725273E00527FB6 /* LaunchScreen.storyboard in Resources */ = {isa = PBXBuildFile; fileRef = 06983B8F2725273E00527FB6 /* LaunchScreen.storyboard */; };
		06983B9C2725273E00527FB6 /* Christmas_List_AppTests.swift in Sources */ = {isa = PBXBuildFile; fileRef = 06983B9B2725273E00527FB6 /* Christmas_List_AppTests.swift */; };
		06983BA62725273E00527FB6 /* Christmas_List_AppUITests.swift in Sources */ = {isa = PBXBuildFile; fileRef = 06983BA52725273E00527FB6 /* Christmas_List_AppUITests.swift */; };
		06983BA82725273E00527FB6 /* Christmas_List_AppUITestsLaunchTests.swift in Sources */ = {isa = PBXBuildFile; fileRef = 06983BA72725273E00527FB6 /* Christmas_List_AppUITestsLaunchTests.swift */; };
		06983BB52725FCD600527FB6 /* UserClass.swift in Sources */ = {isa = PBXBuildFile; fileRef = 06983BB42725FCD600527FB6 /* UserClass.swift */; };
		06983BB72725FD0C00527FB6 /* UserListViewController.swift in Sources */ = {isa = PBXBuildFile; fileRef = 06983BB62725FD0C00527FB6 /* UserListViewController.swift */; };
		06983BB9272604DF00527FB6 /* CreateNewUserViewController.swift in Sources */ = {isa = PBXBuildFile; fileRef = 06983BB8272604DF00527FB6 /* CreateNewUserViewController.swift */; };
/* End PBXBuildFile section */

/* Begin PBXContainerItemProxy section */
		06983B982725273E00527FB6 /* PBXContainerItemProxy */ = {
			isa = PBXContainerItemProxy;
			containerPortal = 06983B762725273D00527FB6 /* Project object */;
			proxyType = 1;
			remoteGlobalIDString = 06983B7D2725273D00527FB6;
			remoteInfo = "Christmas List App";
		};
		06983BA22725273E00527FB6 /* PBXContainerItemProxy */ = {
			isa = PBXContainerItemProxy;
			containerPortal = 06983B762725273D00527FB6 /* Project object */;
			proxyType = 1;
			remoteGlobalIDString = 06983B7D2725273D00527FB6;
			remoteInfo = "Christmas List App";
		};
/* End PBXContainerItemProxy section */

/* Begin PBXFileReference section */
		06983B7E2725273D00527FB6 /* Christmas List App.app */ = {isa = PBXFileReference; explicitFileType = wrapper.application; includeInIndex = 0; path = "Christmas List App.app"; sourceTree = BUILT_PRODUCTS_DIR; };
		06983B812725273D00527FB6 /* AppDelegate.swift */ = {isa = PBXFileReference; lastKnownFileType = sourcecode.swift; path = AppDelegate.swift; sourceTree = "<group>"; };
		06983B832725273D00527FB6 /* SceneDelegate.swift */ = {isa = PBXFileReference; lastKnownFileType = sourcecode.swift; path = SceneDelegate.swift; sourceTree = "<group>"; };
		06983B852725273D00527FB6 /* ViewController.swift */ = {isa = PBXFileReference; lastKnownFileType = sourcecode.swift; path = ViewController.swift; sourceTree = "<group>"; };
		06983B882725273D00527FB6 /* Base */ = {isa = PBXFileReference; lastKnownFileType = file.storyboard; name = Base; path = Base.lproj/Main.storyboard; sourceTree = "<group>"; };
		06983B8B2725273D00527FB6 /* Christmas_List_App.xcdatamodel */ = {isa = PBXFileReference; lastKnownFileType = wrapper.xcdatamodel; path = Christmas_List_App.xcdatamodel; sourceTree = "<group>"; };
		06983B8D2725273E00527FB6 /* Assets.xcassets */ = {isa = PBXFileReference; lastKnownFileType = folder.assetcatalog; path = Assets.xcassets; sourceTree = "<group>"; };
		06983B902725273E00527FB6 /* Base */ = {isa = PBXFileReference; lastKnownFileType = file.storyboard; name = Base; path = Base.lproj/LaunchScreen.storyboard; sourceTree = "<group>"; };
		06983B922725273E00527FB6 /* Info.plist */ = {isa = PBXFileReference; lastKnownFileType = text.plist.xml; path = Info.plist; sourceTree = "<group>"; };
		06983B972725273E00527FB6 /* Christmas List AppTests.xctest */ = {isa = PBXFileReference; explicitFileType = wrapper.cfbundle; includeInIndex = 0; path = "Christmas List AppTests.xctest"; sourceTree = BUILT_PRODUCTS_DIR; };
		06983B9B2725273E00527FB6 /* Christmas_List_AppTests.swift */ = {isa = PBXFileReference; lastKnownFileType = sourcecode.swift; path = Christmas_List_AppTests.swift; sourceTree = "<group>"; };
		06983BA12725273E00527FB6 /* Christmas List AppUITests.xctest */ = {isa = PBXFileReference; explicitFileType = wrapper.cfbundle; includeInIndex = 0; path = "Christmas List AppUITests.xctest"; sourceTree = BUILT_PRODUCTS_DIR; };
		06983BA52725273E00527FB6 /* Christmas_List_AppUITests.swift */ = {isa = PBXFileReference; lastKnownFileType = sourcecode.swift; path = Christmas_List_AppUITests.swift; sourceTree = "<group>"; };
		06983BA72725273E00527FB6 /* Christmas_List_AppUITestsLaunchTests.swift */ = {isa = PBXFileReference; lastKnownFileType = sourcecode.swift; path = Christmas_List_AppUITestsLaunchTests.swift; sourceTree = "<group>"; };
		06983BB42725FCD600527FB6 /* UserClass.swift */ = {isa = PBXFileReference; lastKnownFileType = sourcecode.swift; path = UserClass.swift; sourceTree = "<group>"; };
		06983BB62725FD0C00527FB6 /* UserListViewController.swift */ = {isa = PBXFileReference; lastKnownFileType = sourcecode.swift; path = UserListViewController.swift; sourceTree = "<group>"; };
		06983BB8272604DF00527FB6 /* CreateNewUserViewController.swift */ = {isa = PBXFileReference; lastKnownFileType = sourcecode.swift; path = CreateNewUserViewController.swift; sourceTree = "<group>"; };
/* End PBXFileReference section */

/* Begin PBXFrameworksBuildPhase section */
		06983B7B2725273D00527FB6 /* Frameworks */ = {
			isa = PBXFrameworksBuildPhase;
			buildActionMask = 2147483647;
			files = (
			);
			runOnlyForDeploymentPostprocessing = 0;
		};
		06983B942725273E00527FB6 /* Frameworks */ = {
			isa = PBXFrameworksBuildPhase;
			buildActionMask = 2147483647;
			files = (
			);
			runOnlyForDeploymentPostprocessing = 0;
		};
		06983B9E2725273E00527FB6 /* Frameworks */ = {
			isa = PBXFrameworksBuildPhase;
			buildActionMask = 2147483647;
			files = (
			);
			runOnlyForDeploymentPostprocessing = 0;
		};
/* End PBXFrameworksBuildPhase section */

/* Begin PBXGroup section */
		06983B752725273D00527FB6 = {
			isa = PBXGroup;
			children = (
				06983B802725273D00527FB6 /* Christmas List App */,
				06983B9A2725273E00527FB6 /* Christmas List AppTests */,
				06983BA42725273E00527FB6 /* Christmas List AppUITests */,
				06983B7F2725273D00527FB6 /* Products */,
			);
			sourceTree = "<group>";
		};
		06983B7F2725273D00527FB6 /* Products */ = {
			isa = PBXGroup;
			children = (
				06983B7E2725273D00527FB6 /* Christmas List App.app */,
				06983B972725273E00527FB6 /* Christmas List AppTests.xctest */,
				06983BA12725273E00527FB6 /* Christmas List AppUITests.xctest */,
			);
			name = Products;
			sourceTree = "<group>";
		};
		06983B802725273D00527FB6 /* Christmas List App */ = {
			isa = PBXGroup;
			children = (
				06983B812725273D00527FB6 /* AppDelegate.swift */,
				06983B832725273D00527FB6 /* SceneDelegate.swift */,
				06983B852725273D00527FB6 /* ViewController.swift */,
				06983B872725273D00527FB6 /* Main.storyboard */,
				06983BB8272604DF00527FB6 /* CreateNewUserViewController.swift */,
				06983BB62725FD0C00527FB6 /* UserListViewController.swift */,
				06983BB42725FCD600527FB6 /* UserClass.swift */,
				06983B8D2725273E00527FB6 /* Assets.xcassets */,
				06983B8F2725273E00527FB6 /* LaunchScreen.storyboard */,
				06983B922725273E00527FB6 /* Info.plist */,
				06983B8A2725273D00527FB6 /* Christmas_List_App.xcdatamodeld */,
			);
			path = "Christmas List App";
			sourceTree = "<group>";
		};
		06983B9A2725273E00527FB6 /* Christmas List AppTests */ = {
			isa = PBXGroup;
			children = (
				06983B9B2725273E00527FB6 /* Christmas_List_AppTests.swift */,
			);
			path = "Christmas List AppTests";
			sourceTree = "<group>";
		};
		06983BA42725273E00527FB6 /* Christmas List AppUITests */ = {
			isa = PBXGroup;
			children = (
				06983BA52725273E00527FB6 /* Christmas_List_AppUITests.swift */,
				06983BA72725273E00527FB6 /* Christmas_List_AppUITestsLaunchTests.swift */,
			);
			path = "Christmas List AppUITests";
			sourceTree = "<group>";
		};
/* End PBXGroup section */

/* Begin PBXNativeTarget section */
		06983B7D2725273D00527FB6 /* Christmas List App */ = {
			isa = PBXNativeTarget;
			buildConfigurationList = 06983BAB2725273E00527FB6 /* Build configuration list for PBXNativeTarget "Christmas List App" */;
			buildPhases = (
				06983B7A2725273D00527FB6 /* Sources */,
				06983B7B2725273D00527FB6 /* Frameworks */,
				06983B7C2725273D00527FB6 /* Resources */,
			);
			buildRules = (
			);
			dependencies = (
			);
			name = "Christmas List App";
			productName = "Christmas List App";
			productReference = 06983B7E2725273D00527FB6 /* Christmas List App.app */;
			productType = "com.apple.product-type.application";
		};
		06983B962725273E00527FB6 /* Christmas List AppTests */ = {
			isa = PBXNativeTarget;
			buildConfigurationList = 06983BAE2725273E00527FB6 /* Build configuration list for PBXNativeTarget "Christmas List AppTests" */;
			buildPhases = (
				06983B932725273E00527FB6 /* Sources */,
				06983B942725273E00527FB6 /* Frameworks */,
				06983B952725273E00527FB6 /* Resources */,
			);
			buildRules = (
			);
			dependencies = (
				06983B992725273E00527FB6 /* PBXTargetDependency */,
			);
			name = "Christmas List AppTests";
			productName = "Christmas List AppTests";
			productReference = 06983B972725273E00527FB6 /* Christmas List AppTests.xctest */;
			productType = "com.apple.product-type.bundle.unit-test";
		};
		06983BA02725273E00527FB6 /* Christmas List AppUITests */ = {
			isa = PBXNativeTarget;
			buildConfigurationList = 06983BB12725273E00527FB6 /* Build configuration list for PBXNativeTarget "Christmas List AppUITests" */;
			buildPhases = (
				06983B9D2725273E00527FB6 /* Sources */,
				06983B9E2725273E00527FB6 /* Frameworks */,
				06983B9F2725273E00527FB6 /* Resources */,
			);
			buildRules = (
			);
			dependencies = (
				06983BA32725273E00527FB6 /* PBXTargetDependency */,
			);
			name = "Christmas List AppUITests";
			productName = "Christmas List AppUITests";
			productReference = 06983BA12725273E00527FB6 /* Christmas List AppUITests.xctest */;
			productType = "com.apple.product-type.bundle.ui-testing";
		};
/* End PBXNativeTarget section */

/* Begin PBXProject section */
		06983B762725273D00527FB6 /* Project object */ = {
			isa = PBXProject;
			attributes = {
				BuildIndependentTargetsInParallel = 1;
				LastSwiftUpdateCheck = 1300;
				LastUpgradeCheck = 1300;
				TargetAttributes = {
					06983B7D2725273D00527FB6 = {
						CreatedOnToolsVersion = 13.0;
					};
					06983B962725273E00527FB6 = {
						CreatedOnToolsVersion = 13.0;
						TestTargetID = 06983B7D2725273D00527FB6;
					};
					06983BA02725273E00527FB6 = {
						CreatedOnToolsVersion = 13.0;
						TestTargetID = 06983B7D2725273D00527FB6;
					};
				};
			};
			buildConfigurationList = 06983B792725273D00527FB6 /* Build configuration list for PBXProject "Christmas List App" */;
			compatibilityVersion = "Xcode 13.0";
			developmentRegion = en;
			hasScannedForEncodings = 0;
			knownRegions = (
				en,
				Base,
			);
			mainGroup = 06983B752725273D00527FB6;
			productRefGroup = 06983B7F2725273D00527FB6 /* Products */;
			projectDirPath = "";
			projectRoot = "";
			targets = (
				06983B7D2725273D00527FB6 /* Christmas List App */,
				06983B962725273E00527FB6 /* Christmas List AppTests */,
				06983BA02725273E00527FB6 /* Christmas List AppUITests */,
			);
		};
/* End PBXProject section */

/* Begin PBXResourcesBuildPhase section */
		06983B7C2725273D00527FB6 /* Resources */ = {
			isa = PBXResourcesBuildPhase;
			buildActionMask = 2147483647;
			files = (
				06983B912725273E00527FB6 /* LaunchScreen.storyboard in Resources */,
				06983B8E2725273E00527FB6 /* Assets.xcassets in Resources */,
				06983B892725273D00527FB6 /* Main.storyboard in Resources */,
			);
			runOnlyForDeploymentPostprocessing = 0;
		};
		06983B952725273E00527FB6 /* Resources */ = {
			isa = PBXResourcesBuildPhase;
			buildActionMask = 2147483647;
			files = (
			);
			runOnlyForDeploymentPostprocessing = 0;
		};
		06983B9F2725273E00527FB6 /* Resources */ = {
			isa = PBXResourcesBuildPhase;
			buildActionMask = 2147483647;
			files = (
			);
			runOnlyForDeploymentPostprocessing = 0;
		};
/* End PBXResourcesBuildPhase section */

/* Begin PBXSourcesBuildPhase section */
		06983B7A2725273D00527FB6 /* Sources */ = {
			isa = PBXSourcesBuildPhase;
			buildActionMask = 2147483647;
			files = (
				06983BB52725FCD600527FB6 /* UserClass.swift in Sources */,
				06983BB9272604DF00527FB6 /* CreateNewUserViewController.swift in Sources */,
				06983B8C2725273D00527FB6 /* Christmas_List_App.xcdatamodeld in Sources */,
				06983B862725273D00527FB6 /* ViewController.swift in Sources */,
				06983B822725273D00527FB6 /* AppDelegate.swift in Sources */,
				06983B842725273D00527FB6 /* SceneDelegate.swift in Sources */,
				06983BB72725FD0C00527FB6 /* UserListViewController.swift in Sources */,
			);
			runOnlyForDeploymentPostprocessing = 0;
		};
		06983B932725273E00527FB6 /* Sources */ = {
			isa = PBXSourcesBuildPhase;
			buildActionMask = 2147483647;
			files = (
				06983B9C2725273E00527FB6 /* Christmas_List_AppTests.swift in Sources */,
			);
			runOnlyForDeploymentPostprocessing = 0;
		};
		06983B9D2725273E00527FB6 /* Sources */ = {
			isa = PBXSourcesBuildPhase;
			buildActionMask = 2147483647;
			files = (
				06983BA62725273E00527FB6 /* Christmas_List_AppUITests.swift in Sources */,
				06983BA82725273E00527FB6 /* Christmas_List_AppUITestsLaunchTests.swift in Sources */,
			);
			runOnlyForDeploymentPostprocessing = 0;
		};
/* End PBXSourcesBuildPhase section */

/* Begin PBXTargetDependency section */
		06983B992725273E00527FB6 /* PBXTargetDependency */ = {
			isa = PBXTargetDependency;
			target = 06983B7D2725273D00527FB6 /* Christmas List App */;
			targetProxy = 06983B982725273E00527FB6 /* PBXContainerItemProxy */;
		};
		06983BA32725273E00527FB6 /* PBXTargetDependency */ = {
			isa = PBXTargetDependency;
			target = 06983B7D2725273D00527FB6 /* Christmas List App */;
			targetProxy = 06983BA22725273E00527FB6 /* PBXContainerItemProxy */;
		};
/* End PBXTargetDependency section */

/* Begin PBXVariantGroup section */
		06983B872725273D00527FB6 /* Main.storyboard */ = {
			isa = PBXVariantGroup;
			children = (
				06983B882725273D00527FB6 /* Base */,
			);
			name = Main.storyboard;
			sourceTree = "<group>";
		};
		06983B8F2725273E00527FB6 /* LaunchScreen.storyboard */ = {
			isa = PBXVariantGroup;
			children = (
				06983B902725273E00527FB6 /* Base */,
			);
			name = LaunchScreen.storyboard;
			sourceTree = "<group>";
		};
/* End PBXVariantGroup section */

/* Begin XCBuildConfiguration section */
		06983BA92725273E00527FB6 /* Debug */ = {
			isa = XCBuildConfiguration;
			buildSettings = {
				ALWAYS_SEARCH_USER_PATHS = NO;
				CLANG_ANALYZER_NONNULL = YES;
				CLANG_ANALYZER_NUMBER_OBJECT_CONVERSION = YES_AGGRESSIVE;
				CLANG_CXX_LANGUAGE_STANDARD = "gnu++17";
				CLANG_CXX_LIBRARY = "libc++";
				CLANG_ENABLE_MODULES = YES;
				CLANG_ENABLE_OBJC_ARC = YES;
				CLANG_ENABLE_OBJC_WEAK = YES;
				CLANG_WARN_BLOCK_CAPTURE_AUTORELEASING = YES;
				CLANG_WARN_BOOL_CONVERSION = YES;
				CLANG_WARN_COMMA = YES;
				CLANG_WARN_CONSTANT_CONVERSION = YES;
				CLANG_WARN_DEPRECATED_OBJC_IMPLEMENTATIONS = YES;
				CLANG_WARN_DIRECT_OBJC_ISA_USAGE = YES_ERROR;
				CLANG_WARN_DOCUMENTATION_COMMENTS = YES;
				CLANG_WARN_EMPTY_BODY = YES;
				CLANG_WARN_ENUM_CONVERSION = YES;
				CLANG_WARN_INFINITE_RECURSION = YES;
				CLANG_WARN_INT_CONVERSION = YES;
				CLANG_WARN_NON_LITERAL_NULL_CONVERSION = YES;
				CLANG_WARN_OBJC_IMPLICIT_RETAIN_SELF = YES;
				CLANG_WARN_OBJC_LITERAL_CONVERSION = YES;
				CLANG_WARN_OBJC_ROOT_CLASS = YES_ERROR;
				CLANG_WARN_QUOTED_INCLUDE_IN_FRAMEWORK_HEADER = YES;
				CLANG_WARN_RANGE_LOOP_ANALYSIS = YES;
				CLANG_WARN_STRICT_PROTOTYPES = YES;
				CLANG_WARN_SUSPICIOUS_MOVE = YES;
				CLANG_WARN_UNGUARDED_AVAILABILITY = YES_AGGRESSIVE;
				CLANG_WARN_UNREACHABLE_CODE = YES;
				CLANG_WARN__DUPLICATE_METHOD_MATCH = YES;
				COPY_PHASE_STRIP = NO;
				DEBUG_INFORMATION_FORMAT = dwarf;
				ENABLE_STRICT_OBJC_MSGSEND = YES;
				ENABLE_TESTABILITY = YES;
				GCC_C_LANGUAGE_STANDARD = gnu11;
				GCC_DYNAMIC_NO_PIC = NO;
				GCC_NO_COMMON_BLOCKS = YES;
				GCC_OPTIMIZATION_LEVEL = 0;
				GCC_PREPROCESSOR_DEFINITIONS = (
					"DEBUG=1",
					"$(inherited)",
				);
				GCC_WARN_64_TO_32_BIT_CONVERSION = YES;
				GCC_WARN_ABOUT_RETURN_TYPE = YES_ERROR;
				GCC_WARN_UNDECLARED_SELECTOR = YES;
				GCC_WARN_UNINITIALIZED_AUTOS = YES_AGGRESSIVE;
				GCC_WARN_UNUSED_FUNCTION = YES;
				GCC_WARN_UNUSED_VARIABLE = YES;
				IPHONEOS_DEPLOYMENT_TARGET = 15.0;
				MTL_ENABLE_DEBUG_INFO = INCLUDE_SOURCE;
				MTL_FAST_MATH = YES;
				ONLY_ACTIVE_ARCH = YES;
				SDKROOT = iphoneos;
				SWIFT_ACTIVE_COMPILATION_CONDITIONS = DEBUG;
				SWIFT_OPTIMIZATION_LEVEL = "-Onone";
			};
			name = Debug;
		};
		06983BAA2725273E00527FB6 /* Release */ = {
			isa = XCBuildConfiguration;
			buildSettings = {
				ALWAYS_SEARCH_USER_PATHS = NO;
				CLANG_ANALYZER_NONNULL = YES;
				CLANG_ANALYZER_NUMBER_OBJECT_CONVERSION = YES_AGGRESSIVE;
				CLANG_CXX_LANGUAGE_STANDARD = "gnu++17";
				CLANG_CXX_LIBRARY = "libc++";
				CLANG_ENABLE_MODULES = YES;
				CLANG_ENABLE_OBJC_ARC = YES;
				CLANG_ENABLE_OBJC_WEAK = YES;
				CLANG_WARN_BLOCK_CAPTURE_AUTORELEASING = YES;
				CLANG_WARN_BOOL_CONVERSION = YES;
				CLANG_WARN_COMMA = YES;
				CLANG_WARN_CONSTANT_CONVERSION = YES;
				CLANG_WARN_DEPRECATED_OBJC_IMPLEMENTATIONS = YES;
				CLANG_WARN_DIRECT_OBJC_ISA_USAGE = YES_ERROR;
				CLANG_WARN_DOCUMENTATION_COMMENTS = YES;
				CLANG_WARN_EMPTY_BODY = YES;
				CLANG_WARN_ENUM_CONVERSION = YES;
				CLANG_WARN_INFINITE_RECURSION = YES;
				CLANG_WARN_INT_CONVERSION = YES;
				CLANG_WARN_NON_LITERAL_NULL_CONVERSION = YES;
				CLANG_WARN_OBJC_IMPLICIT_RETAIN_SELF = YES;
				CLANG_WARN_OBJC_LITERAL_CONVERSION = YES;
				CLANG_WARN_OBJC_ROOT_CLASS = YES_ERROR;
				CLANG_WARN_QUOTED_INCLUDE_IN_FRAMEWORK_HEADER = YES;
				CLANG_WARN_RANGE_LOOP_ANALYSIS = YES;
				CLANG_WARN_STRICT_PROTOTYPES = YES;
				CLANG_WARN_SUSPICIOUS_MOVE = YES;
				CLANG_WARN_UNGUARDED_AVAILABILITY = YES_AGGRESSIVE;
				CLANG_WARN_UNREACHABLE_CODE = YES;
				CLANG_WARN__DUPLICATE_METHOD_MATCH = YES;
				COPY_PHASE_STRIP = NO;
				DEBUG_INFORMATION_FORMAT = "dwarf-with-dsym";
				ENABLE_NS_ASSERTIONS = NO;
				ENABLE_STRICT_OBJC_MSGSEND = YES;
				GCC_C_LANGUAGE_STANDARD = gnu11;
				GCC_NO_COMMON_BLOCKS = YES;
				GCC_WARN_64_TO_32_BIT_CONVERSION = YES;
				GCC_WARN_ABOUT_RETURN_TYPE = YES_ERROR;
				GCC_WARN_UNDECLARED_SELECTOR = YES;
				GCC_WARN_UNINITIALIZED_AUTOS = YES_AGGRESSIVE;
				GCC_WARN_UNUSED_FUNCTION = YES;
				GCC_WARN_UNUSED_VARIABLE = YES;
				IPHONEOS_DEPLOYMENT_TARGET = 15.0;
				MTL_ENABLE_DEBUG_INFO = NO;
				MTL_FAST_MATH = YES;
				SDKROOT = iphoneos;
				SWIFT_COMPILATION_MODE = wholemodule;
				SWIFT_OPTIMIZATION_LEVEL = "-O";
				VALIDATE_PRODUCT = YES;
			};
			name = Release;
		};
		06983BAC2725273E00527FB6 /* Debug */ = {
			isa = XCBuildConfiguration;
			buildSettings = {
				ASSETCATALOG_COMPILER_APPICON_NAME = AppIcon;
				ASSETCATALOG_COMPILER_GLOBAL_ACCENT_COLOR_NAME = AccentColor;
				CODE_SIGN_STYLE = Automatic;
				CURRENT_PROJECT_VERSION = 1;
				DEVELOPMENT_TEAM = XFUR3T8U8Y;
				GENERATE_INFOPLIST_FILE = YES;
				INFOPLIST_FILE = "Christmas List App/Info.plist";
				INFOPLIST_KEY_UIApplicationSupportsIndirectInputEvents = YES;
				INFOPLIST_KEY_UILaunchStoryboardName = LaunchScreen;
				INFOPLIST_KEY_UIMainStoryboardFile = Main;
				INFOPLIST_KEY_UISupportedInterfaceOrientations_iPad = "UIInterfaceOrientationPortrait UIInterfaceOrientationPortraitUpsideDown UIInterfaceOrientationLandscapeLeft UIInterfaceOrientationLandscapeRight";
				INFOPLIST_KEY_UISupportedInterfaceOrientations_iPhone = "UIInterfaceOrientationPortrait UIInterfaceOrientationLandscapeLeft UIInterfaceOrientationLandscapeRight";
				LD_RUNPATH_SEARCH_PATHS = (
					"$(inherited)",
					"@executable_path/Frameworks",
				);
				MARKETING_VERSION = 1.0;
				PRODUCT_BUNDLE_IDENTIFIER = "clc.Christmas-List-App";
				PRODUCT_NAME = "$(TARGET_NAME)";
				SWIFT_EMIT_LOC_STRINGS = YES;
				SWIFT_VERSION = 5.0;
				TARGETED_DEVICE_FAMILY = "1,2";
			};
			name = Debug;
		};
		06983BAD2725273E00527FB6 /* Release */ = {
			isa = XCBuildConfiguration;
			buildSettings = {
				ASSETCATALOG_COMPILER_APPICON_NAME = AppIcon;
				ASSETCATALOG_COMPILER_GLOBAL_ACCENT_COLOR_NAME = AccentColor;
				CODE_SIGN_STYLE = Automatic;
				CURRENT_PROJECT_VERSION = 1;
				DEVELOPMENT_TEAM = XFUR3T8U8Y;
				GENERATE_INFOPLIST_FILE = YES;
				INFOPLIST_FILE = "Christmas List App/Info.plist";
				INFOPLIST_KEY_UIApplicationSupportsIndirectInputEvents = YES;
				INFOPLIST_KEY_UILaunchStoryboardName = LaunchScreen;
				INFOPLIST_KEY_UIMainStoryboardFile = Main;
				INFOPLIST_KEY_UISupportedInterfaceOrientations_iPad = "UIInterfaceOrientationPortrait UIInterfaceOrientationPortraitUpsideDown UIInterfaceOrientationLandscapeLeft UIInterfaceOrientationLandscapeRight";
				INFOPLIST_KEY_UISupportedInterfaceOrientations_iPhone = "UIInterfaceOrientationPortrait UIInterfaceOrientationLandscapeLeft UIInterfaceOrientationLandscapeRight";
				LD_RUNPATH_SEARCH_PATHS = (
					"$(inherited)",
					"@executable_path/Frameworks",
				);
				MARKETING_VERSION = 1.0;
				PRODUCT_BUNDLE_IDENTIFIER = "clc.Christmas-List-App";
				PRODUCT_NAME = "$(TARGET_NAME)";
				SWIFT_EMIT_LOC_STRINGS = YES;
				SWIFT_VERSION = 5.0;
				TARGETED_DEVICE_FAMILY = "1,2";
			};
			name = Release;
		};
		06983BAF2725273E00527FB6 /* Debug */ = {
			isa = XCBuildConfiguration;
			buildSettings = {
				ALWAYS_EMBED_SWIFT_STANDARD_LIBRARIES = YES;
				BUNDLE_LOADER = "$(TEST_HOST)";
				CODE_SIGN_STYLE = Automatic;
				CURRENT_PROJECT_VERSION = 1;
				DEVELOPMENT_TEAM = XFUR3T8U8Y;
				GENERATE_INFOPLIST_FILE = YES;
				IPHONEOS_DEPLOYMENT_TARGET = 15.0;
				LD_RUNPATH_SEARCH_PATHS = (
					"$(inherited)",
					"@executable_path/Frameworks",
					"@loader_path/Frameworks",
				);
				MARKETING_VERSION = 1.0;
				PRODUCT_BUNDLE_IDENTIFIER = "clc.Christmas-List-AppTests";
				PRODUCT_NAME = "$(TARGET_NAME)";
				SWIFT_EMIT_LOC_STRINGS = NO;
				SWIFT_VERSION = 5.0;
				TARGETED_DEVICE_FAMILY = "1,2";
				TEST_HOST = "$(BUILT_PRODUCTS_DIR)/Christmas List App.app/Christmas List App";
			};
			name = Debug;
		};
		06983BB02725273E00527FB6 /* Release */ = {
			isa = XCBuildConfiguration;
			buildSettings = {
				ALWAYS_EMBED_SWIFT_STANDARD_LIBRARIES = YES;
				BUNDLE_LOADER = "$(TEST_HOST)";
				CODE_SIGN_STYLE = Automatic;
				CURRENT_PROJECT_VERSION = 1;
				DEVELOPMENT_TEAM = XFUR3T8U8Y;
				GENERATE_INFOPLIST_FILE = YES;
				IPHONEOS_DEPLOYMENT_TARGET = 15.0;
				LD_RUNPATH_SEARCH_PATHS = (
					"$(inherited)",
					"@executable_path/Frameworks",
					"@loader_path/Frameworks",
				);
				MARKETING_VERSION = 1.0;
				PRODUCT_BUNDLE_IDENTIFIER = "clc.Christmas-List-AppTests";
				PRODUCT_NAME = "$(TARGET_NAME)";
				SWIFT_EMIT_LOC_STRINGS = NO;
				SWIFT_VERSION = 5.0;
				TARGETED_DEVICE_FAMILY = "1,2";
				TEST_HOST = "$(BUILT_PRODUCTS_DIR)/Christmas List App.app/Christmas List App";
			};
			name = Release;
		};
		06983BB22725273E00527FB6 /* Debug */ = {
			isa = XCBuildConfiguration;
			buildSettings = {
				ALWAYS_EMBED_SWIFT_STANDARD_LIBRARIES = YES;
				CODE_SIGN_STYLE = Automatic;
				CURRENT_PROJECT_VERSION = 1;
				DEVELOPMENT_TEAM = XFUR3T8U8Y;
				GENERATE_INFOPLIST_FILE = YES;
				LD_RUNPATH_SEARCH_PATHS = (
					"$(inherited)",
					"@executable_path/Frameworks",
					"@loader_path/Frameworks",
				);
				MARKETING_VERSION = 1.0;
				PRODUCT_BUNDLE_IDENTIFIER = "clc.Christmas-List-AppUITests";
				PRODUCT_NAME = "$(TARGET_NAME)";
				SWIFT_EMIT_LOC_STRINGS = NO;
				SWIFT_VERSION = 5.0;
				TARGETED_DEVICE_FAMILY = "1,2";
				TEST_TARGET_NAME = "Christmas List App";
			};
			name = Debug;
		};
		06983BB32725273E00527FB6 /* Release */ = {
			isa = XCBuildConfiguration;
			buildSettings = {
				ALWAYS_EMBED_SWIFT_STANDARD_LIBRARIES = YES;
				CODE_SIGN_STYLE = Automatic;
				CURRENT_PROJECT_VERSION = 1;
				DEVELOPMENT_TEAM = XFUR3T8U8Y;
				GENERATE_INFOPLIST_FILE = YES;
				LD_RUNPATH_SEARCH_PATHS = (
					"$(inherited)",
					"@executable_path/Frameworks",
					"@loader_path/Frameworks",
				);
				MARKETING_VERSION = 1.0;
				PRODUCT_BUNDLE_IDENTIFIER = "clc.Christmas-List-AppUITests";
				PRODUCT_NAME = "$(TARGET_NAME)";
				SWIFT_EMIT_LOC_STRINGS = NO;
				SWIFT_VERSION = 5.0;
				TARGETED_DEVICE_FAMILY = "1,2";
				TEST_TARGET_NAME = "Christmas List App";
			};
			name = Release;
		};
/* End XCBuildConfiguration section */

/* Begin XCConfigurationList section */
		06983B792725273D00527FB6 /* Build configuration list for PBXProject "Christmas List App" */ = {
			isa = XCConfigurationList;
			buildConfigurations = (
				06983BA92725273E00527FB6 /* Debug */,
				06983BAA2725273E00527FB6 /* Release */,
			);
			defaultConfigurationIsVisible = 0;
			defaultConfigurationName = Release;
		};
		06983BAB2725273E00527FB6 /* Build configuration list for PBXNativeTarget "Christmas List App" */ = {
			isa = XCConfigurationList;
			buildConfigurations = (
				06983BAC2725273E00527FB6 /* Debug */,
				06983BAD2725273E00527FB6 /* Release */,
			);
			defaultConfigurationIsVisible = 0;
			defaultConfigurationName = Release;
		};
		06983BAE2725273E00527FB6 /* Build configuration list for PBXNativeTarget "Christmas List AppTests" */ = {
			isa = XCConfigurationList;
			buildConfigurations = (
				06983BAF2725273E00527FB6 /* Debug */,
				06983BB02725273E00527FB6 /* Release */,
			);
			defaultConfigurationIsVisible = 0;
			defaultConfigurationName = Release;
		};
		06983BB12725273E00527FB6 /* Build configuration list for PBXNativeTarget "Christmas List AppUITests" */ = {
			isa = XCConfigurationList;
			buildConfigurations = (
				06983BB22725273E00527FB6 /* Debug */,
				06983BB32725273E00527FB6 /* Release */,
			);
			defaultConfigurationIsVisible = 0;
			defaultConfigurationName = Release;
		};
/* End XCConfigurationList section */

/* Begin XCVersionGroup section */
		06983B8A2725273D00527FB6 /* Christmas_List_App.xcdatamodeld */ = {
			isa = XCVersionGroup;
			children = (
				06983B8B2725273D00527FB6 /* Christmas_List_App.xcdatamodel */,
			);
			currentVersion = 06983B8B2725273D00527FB6 /* Christmas_List_App.xcdatamodel */;
			path = Christmas_List_App.xcdatamodeld;
			sourceTree = "<group>";
			versionGroupType = wrapper.xcdatamodel;
		};
/* End XCVersionGroup section */
	};
	rootObject = 06983B762725273D00527FB6 /* Project object */;
}
